
Microsoft Visual Studio Solution File, Format Version 12.00
# Visual Studio Version 17
VisualStudioVersion = 17.2.32505.173
MinimumVisualStudioVersion = 10.0.40219.1
Project("{FAE04EC0-301F-11D3-BF4B-00C04F79EFBC}") = "PR1_TEST_FILIPPOV", "PR1_TEST_FILIPPOV\PR1_TEST_FILIPPOV.csproj", "{360E28F5-56B8-45EA-A401-E5FB1D4BA302}"
EndProject
Project("{FAE04EC0-301F-11D3-BF4B-00C04F79EFBC}") = "UnitTestProject1", "UnitTestProject1\UnitTestProject1.csproj", "{50AB9A0C-68CE-44FB-BF95-D3198C526CA7}"
EndProject
Global
	GlobalSection(SolutionConfigurationPlatforms) = preSolution
		Debug|Any CPU = Debug|Any CPU
		Release|Any CPU = Release|Any CPU
	EndGlobalSection
	GlobalSection(ProjectConfigurationPlatforms) = postSolution
		{360E28F5-56B8-45EA-A401-E5FB1D4BA302}.Debug|Any CPU.ActiveCfg = Debug|Any CPU
		{360E28F5-56B8-45EA-A401-E5FB1D4BA302}.Debug|Any CPU.Build.0 = Debug|Any CPU
		{360E28F5-56B8-45EA-A401-E5FB1D4BA302}.Release|Any CPU.ActiveCfg = Release|Any CPU
		{360E28F5-56B8-45EA-A401-E5FB1D4BA302}.Release|Any CPU.Build.0 = Release|Any CPU
		{50AB9A0C-68CE-44FB-BF95-D3198C526CA7}.Debug|Any CPU.ActiveCfg = Debug|Any CPU
		{50AB9A0C-68CE-44FB-BF95-D3198C526CA7}.Debug|Any CPU.Build.0 = Debug|Any CPU
		{50AB9A0C-68CE-44FB-BF95-D3198C526CA7}.Release|Any CPU.ActiveCfg = Release|Any CPU
		{50AB9A0C-68CE-44FB-BF95-D3198C526CA7}.Release|Any CPU.Build.0 = Release|Any CPU
	EndGlobalSection
	GlobalSection(SolutionProperties) = preSolution
		HideSolutionNode = FALSE
	EndGlobalSection
	GlobalSection(ExtensibilityGlobals) = postSolution
		SolutionGuid = {C048D094-C08F-465C-970A-BD1FF7BA5F38}
	EndGlobalSection
EndGlobal
